
Microsoft Visual Studio Solution File, Format Version 12.00
# Visual Studio Version 16
VisualStudioVersion = 16.0.30907.101
MinimumVisualStudioVersion = 10.0.40219.1
Project("{888888A0-9F3D-457C-B088-3A5042F75D52}") = "void2app", "void2app\void2app.pyproj", "{B1420F96-821F-4CA5-B153-EFDEBB065F1D}"
EndProject
Global
	GlobalSection(SolutionConfigurationPlatforms) = preSolution
		Debug|Any CPU = Debug|Any CPU
		Release|Any CPU = Release|Any CPU
	EndGlobalSection
	GlobalSection(ProjectConfigurationPlatforms) = postSolution
		{B1420F96-821F-4CA5-B153-EFDEBB065F1D}.Debug|Any CPU.ActiveCfg = Debug|Any CPU
		{B1420F96-821F-4CA5-B153-EFDEBB065F1D}.Release|Any CPU.ActiveCfg = Release|Any CPU
	EndGlobalSection
	GlobalSection(SolutionProperties) = preSolution
		HideSolutionNode = FALSE
	EndGlobalSection
	GlobalSection(ExtensibilityGlobals) = postSolution
		SolutionGuid = {689AE4EB-F925-4E34-A1FA-B834B4CBCA79}
	EndGlobalSection
EndGlobal
